
Microsoft Visual Studio Solution File, Format Version 12.00
# Visual Studio Version 16
VisualStudioVersion = 16.0.31025.194
MinimumVisualStudioVersion = 10.0.40219.1
Project("{FAE04EC0-301F-11D3-BF4B-00C04F79EFBC}") = "WordCounterConsole", "WordCounterConsole\WordCounterConsole.csproj", "{397703CB-EC9B-464B-B6EA-B3530C1D2DB0}"
EndProject
Project("{FAE04EC0-301F-11D3-BF4B-00C04F79EFBC}") = "TextAnalyzers.Lib", "TextAnalyzers.Lib\TextAnalyzers.Lib.csproj", "{6A130CE3-65BB-4F20-B7B4-6A117CC7304F}"
EndProject
Global
	GlobalSection(SolutionConfigurationPlatforms) = preSolution
		Debug|Any CPU = Debug|Any CPU
		Release|Any CPU = Release|Any CPU
	EndGlobalSection
	GlobalSection(ProjectConfigurationPlatforms) = postSolution
		{397703CB-EC9B-464B-B6EA-B3530C1D2DB0}.Debug|Any CPU.ActiveCfg = Debug|Any CPU
		{397703CB-EC9B-464B-B6EA-B3530C1D2DB0}.Debug|Any CPU.Build.0 = Debug|Any CPU
		{397703CB-EC9B-464B-B6EA-B3530C1D2DB0}.Release|Any CPU.ActiveCfg = Release|Any CPU
		{397703CB-EC9B-464B-B6EA-B3530C1D2DB0}.Release|Any CPU.Build.0 = Release|Any CPU
		{6A130CE3-65BB-4F20-B7B4-6A117CC7304F}.Debug|Any CPU.ActiveCfg = Debug|Any CPU
		{6A130CE3-65BB-4F20-B7B4-6A117CC7304F}.Debug|Any CPU.Build.0 = Debug|Any CPU
		{6A130CE3-65BB-4F20-B7B4-6A117CC7304F}.Release|Any CPU.ActiveCfg = Release|Any CPU
		{6A130CE3-65BB-4F20-B7B4-6A117CC7304F}.Release|Any CPU.Build.0 = Release|Any CPU
	EndGlobalSection
	GlobalSection(SolutionProperties) = preSolution
		HideSolutionNode = FALSE
	EndGlobalSection
	GlobalSection(ExtensibilityGlobals) = postSolution
		SolutionGuid = {DFFC3DD1-4937-4B3C-B994-AEE98AC784C5}
	EndGlobalSection
EndGlobal
